
Microsoft Visual Studio Solution File, Format Version 12.00
# Visual Studio Version 17
VisualStudioVersion = 17.7.34024.191
MinimumVisualStudioVersion = 10.0.40219.1
Project("{9A19103F-16F7-4668-BE54-9A1E7A4F7556}") = "URLShortener.API", "URLShortener.API\URLShortener.API.csproj", "{3D65919F-0ECE-4376-8F22-C25FE60B4BC2}"
EndProject
Project("{9A19103F-16F7-4668-BE54-9A1E7A4F7556}") = "URLShortener.Web", "URLShortener.Web\URLShortener.Web.csproj", "{062B2DC7-3125-49B0-82B4-7C0376B37E38}"
EndProject
Project("{2150E333-8FDC-42A3-9474-1A3956D46DE8}") = "Solution Items", "Solution Items", "{AD9F35EB-345A-49EA-8435-FDBDA8C87B5C}"
	ProjectSection(SolutionItems) = preProject
		README.md = README.md
	EndProjectSection
EndProject
Global
	GlobalSection(SolutionConfigurationPlatforms) = preSolution
		Debug|Any CPU = Debug|Any CPU
		Release|Any CPU = Release|Any CPU
	EndGlobalSection
	GlobalSection(ProjectConfigurationPlatforms) = postSolution
		{3D65919F-0ECE-4376-8F22-C25FE60B4BC2}.Debug|Any CPU.ActiveCfg = Debug|Any CPU
		{3D65919F-0ECE-4376-8F22-C25FE60B4BC2}.Debug|Any CPU.Build.0 = Debug|Any CPU
		{3D65919F-0ECE-4376-8F22-C25FE60B4BC2}.Release|Any CPU.ActiveCfg = Release|Any CPU
		{3D65919F-0ECE-4376-8F22-C25FE60B4BC2}.Release|Any CPU.Build.0 = Release|Any CPU
		{062B2DC7-3125-49B0-82B4-7C0376B37E38}.Debug|Any CPU.ActiveCfg = Debug|Any CPU
		{062B2DC7-3125-49B0-82B4-7C0376B37E38}.Debug|Any CPU.Build.0 = Debug|Any CPU
		{062B2DC7-3125-49B0-82B4-7C0376B37E38}.Release|Any CPU.ActiveCfg = Release|Any CPU
		{062B2DC7-3125-49B0-82B4-7C0376B37E38}.Release|Any CPU.Build.0 = Release|Any CPU
	EndGlobalSection
	GlobalSection(SolutionProperties) = preSolution
		HideSolutionNode = FALSE
	EndGlobalSection
	GlobalSection(ExtensibilityGlobals) = postSolution
		SolutionGuid = {E3FB674E-6C3C-4CBD-8893-777F2B032786}
	EndGlobalSection
EndGlobal
